PODS:
  - Alamofire (5.4.3)
  - BSImagePicker (3.3.1)
  - FontAwesome.swift (1.9.1)
  - IQKeyboardManagerSwift (6.5.6)
  - Kingfisher (6.3.0)
  - KMPlaceholderTextView (1.4.0)
  - ObjectMapper (4.2.0)
  - SDWebImage (5.11.1):
    - SDWebImage/Core (= 5.11.1)
  - SDWebImage/Core (5.11.1)
  - SVProgressHUD (2.2.5)
  - SwiftyJSON (5.0.1)

DEPENDENCIES:
  - Alamofire
  - BSImagePicker (~> 3.1)
  - FontAwesome.swift
  - IQKeyboardManagerSwift
  - Kingfisher
  - KMPlaceholderTextView (~> 1.4.0)
  - ObjectMapper
  - SDWebImage
  - SVProgressHUD
  - SwiftyJSON

SPEC REPOS:
  trunk:
    - Alamofire
    - BSImagePicker
    - FontAwesome.swift
    - IQKeyboardManagerSwift
    - Kingfisher
    - KMPlaceholderTextView
    - ObjectMapper
    - SDWebImage
    - SVProgressHUD
    - SwiftyJSON

SPEC CHECKSUMS:
  Alamofire: e447a2774a40c996748296fa2c55112fdbbc42f9
  BSImagePicker: 0fe04b574d4d6b81093785d2af6c26227efc8428
  FontAwesome.swift: 6b52cb7be66eacd28cbfaa0ca7ffd0de4a186a1d
  IQKeyboardManagerSwift: c7df9d2deb356c04522f5c4b7b6e4ce4d8ed94fe
  Kingfisher: 6c3df386db71d82c0817a429d2c9421a77396529
  KMPlaceholderTextView: 2206c3df39979e9396e2d96fa9f427a8951121b0
  ObjectMapper: 1eb41f610210777375fa806bf161dc39fb832b81
  SDWebImage: a7f831e1a65eb5e285e3fb046a23fcfbf08e696d
  SVProgressHUD: 1428aafac632c1f86f62aa4243ec12008d7a51d6
  SwiftyJSON: 2f33a42c6fbc52764d96f13368585094bfd8aa5e

PODFILE CHECKSUM: 56a9ce6957020fa2c7e2619ec97e6e712b951cb8

COCOAPODS: 1.10.1
